
Microsoft Visual Studio Solution File, Format Version 12.00
# Visual Studio Version 17
VisualStudioVersion = 17.8.34525.116
MinimumVisualStudioVersion = 10.0.40219.1
Project("{FAE04EC0-301F-11D3-BF4B-00C04F79EFBC}") = "GhostLyzer.Core.Caching", "GhostLyzer.Core.Caching.csproj", "{B9CBE84E-E7B3-4044-B37E-0DF96F01814A}"
EndProject
Global
	GlobalSection(SolutionConfigurationPlatforms) = preSolution
		Debug|Any CPU = Debug|Any CPU
		Release|Any CPU = Release|Any CPU
	EndGlobalSection
	GlobalSection(ProjectConfigurationPlatforms) = postSolution
		{B9CBE84E-E7B3-4044-B37E-0DF96F01814A}.Debug|Any CPU.ActiveCfg = Debug|Any CPU
		{B9CBE84E-E7B3-4044-B37E-0DF96F01814A}.Debug|Any CPU.Build.0 = Debug|Any CPU
		{B9CBE84E-E7B3-4044-B37E-0DF96F01814A}.Release|Any CPU.ActiveCfg = Release|Any CPU
		{B9CBE84E-E7B3-4044-B37E-0DF96F01814A}.Release|Any CPU.Build.0 = Release|Any CPU
	EndGlobalSection
	GlobalSection(SolutionProperties) = preSolution
		HideSolutionNode = FALSE
	EndGlobalSection
	GlobalSection(ExtensibilityGlobals) = postSolution
		SolutionGuid = {3D56DE5A-BF6D-494F-AF58-7C89869B8AB7}
	EndGlobalSection
EndGlobal
